
Microsoft Visual Studio Solution File, Format Version 12.00
# Visual Studio 15
VisualStudioVersion = 15.0.28010.2026
MinimumVisualStudioVersion = 10.0.40219.1
Project("{FAE04EC0-301F-11D3-BF4B-00C04F79EFBC}") = "Hoof", "Hoof\Hoof.csproj", "{B92A42D2-DFFB-4C08-AF32-5F1D458092B5}"
EndProject
Global
	GlobalSection(SolutionConfigurationPlatforms) = preSolution
		Debug|Any CPU = Debug|Any CPU
		Release|Any CPU = Release|Any CPU
	EndGlobalSection
	GlobalSection(ProjectConfigurationPlatforms) = postSolution
		{B92A42D2-DFFB-4C08-AF32-5F1D458092B5}.Debug|Any CPU.ActiveCfg = Debug|Any CPU
		{B92A42D2-DFFB-4C08-AF32-5F1D458092B5}.Debug|Any CPU.Build.0 = Debug|Any CPU
		{B92A42D2-DFFB-4C08-AF32-5F1D458092B5}.Release|Any CPU.ActiveCfg = Release|Any CPU
		{B92A42D2-DFFB-4C08-AF32-5F1D458092B5}.Release|Any CPU.Build.0 = Release|Any CPU
	EndGlobalSection
	GlobalSection(SolutionProperties) = preSolution
		HideSolutionNode = FALSE
	EndGlobalSection
	GlobalSection(ExtensibilityGlobals) = postSolution
		SolutionGuid = {499CB74F-DAA9-41BC-AC0B-B775D29AB914}
	EndGlobalSection
EndGlobal
